// !$*UTF8*$!
{
	archiveVersion = 1;
	classes = {
	};
	objectVersion = 46;
	objects = {

/* Begin PBXBuildFile section */
		2C9A95AE1E5F6A2F0039074D /* main.swift in Sources */ = {isa = PBXBuildFile; fileRef = 2C9A95AD1E5F6A2F0039074D /* main.swift */; };
		2C9A95C11E5F70260039074D /* Video.swift in Sources */ = {isa = PBXBuildFile; fileRef = 2C9A95C01E5F70260039074D /* Video.swift */; };
		2C9A95C41E5F704B0039074D /* Condition.swift in Sources */ = {isa = PBXBuildFile; fileRef = 2C9A95C21E5F704B0039074D /* Condition.swift */; };
		2C9A95C51E5F704B0039074D /* Resource.swift in Sources */ = {isa = PBXBuildFile; fileRef = 2C9A95C31E5F704B0039074D /* Resource.swift */; };
		2C9A95C91E5F70CE0039074D /* Cache.swift in Sources */ = {isa = PBXBuildFile; fileRef = 2C9A95C81E5F70CE0039074D /* Cache.swift */; };
		2C9A95CB1E5F71400039074D /* Endpoint.swift in Sources */ = {isa = PBXBuildFile; fileRef = 2C9A95CA1E5F71400039074D /* Endpoint.swift */; };
		2C9A95CD1E5F71B00039074D /* Request.swift in Sources */ = {isa = PBXBuildFile; fileRef = 2C9A95CC1E5F71B00039074D /* Request.swift */; };
		2C9A95CE1E5F75750039074D /* example.in in CopyFiles */ = {isa = PBXBuildFile; fileRef = 2C9A95B51E5F6C1E0039074D /* example.in */; settings = {ATTRIBUTES = (CodeSignOnCopy, ); }; };
		2C9A95CF1E5F75800039074D /* kittens.in in CopyFiles */ = {isa = PBXBuildFile; fileRef = 2C9A95B61E5F6C1E0039074D /* kittens.in */; settings = {ATTRIBUTES = (CodeSignOnCopy, ); }; };
		2C9A95D01E5F75800039074D /* me_at_the_zoo.in in CopyFiles */ = {isa = PBXBuildFile; fileRef = 2C9A95B71E5F6C1E0039074D /* me_at_the_zoo.in */; settings = {ATTRIBUTES = (CodeSignOnCopy, ); }; };
		2C9A95D11E5F75800039074D /* trending_today.in in CopyFiles */ = {isa = PBXBuildFile; fileRef = 2C9A95B81E5F6C1E0039074D /* trending_today.in */; settings = {ATTRIBUTES = (CodeSignOnCopy, ); }; };
		2C9A95D21E5F75800039074D /* videos_worth_spreading.in in CopyFiles */ = {isa = PBXBuildFile; fileRef = 2C9A95B91E5F6C1E0039074D /* videos_worth_spreading.in */; settings = {ATTRIBUTES = (CodeSignOnCopy, ); }; };
/* End PBXBuildFile section */

/* Begin PBXCopyFilesBuildPhase section */
		2C9A95A81E5F6A2F0039074D /* CopyFiles */ = {
			isa = PBXCopyFilesBuildPhase;
			buildActionMask = 12;
			dstPath = "";
			dstSubfolderSpec = 16;
			files = (
				2C9A95CE1E5F75750039074D /* example.in in CopyFiles */,
				2C9A95CF1E5F75800039074D /* kittens.in in CopyFiles */,
				2C9A95D01E5F75800039074D /* me_at_the_zoo.in in CopyFiles */,
				2C9A95D11E5F75800039074D /* trending_today.in in CopyFiles */,
				2C9A95D21E5F75800039074D /* videos_worth_spreading.in in CopyFiles */,
			);
			runOnlyForDeploymentPostprocessing = 0;
		};
/* End PBXCopyFilesBuildPhase section */

/* Begin PBXFileReference section */
		2C9A95AA1E5F6A2F0039074D /* HashCodeOQ */ = {isa = PBXFileReference; explicitFileType = "compiled.mach-o.executable"; includeInIndex = 0; path = HashCodeOQ; sourceTree = BUILT_PRODUCTS_DIR; };
		2C9A95AD1E5F6A2F0039074D /* main.swift */ = {isa = PBXFileReference; lastKnownFileType = sourcecode.swift; path = main.swift; sourceTree = "<group>"; };
		2C9A95B51E5F6C1E0039074D /* example.in */ = {isa = PBXFileReference; fileEncoding = 4; lastKnownFileType = text; path = example.in; sourceTree = "<group>"; };
		2C9A95B61E5F6C1E0039074D /* kittens.in */ = {isa = PBXFileReference; fileEncoding = 4; lastKnownFileType = text; path = kittens.in; sourceTree = "<group>"; };
		2C9A95B71E5F6C1E0039074D /* me_at_the_zoo.in */ = {isa = PBXFileReference; fileEncoding = 4; lastKnownFileType = text; path = me_at_the_zoo.in; sourceTree = "<group>"; };
		2C9A95B81E5F6C1E0039074D /* trending_today.in */ = {isa = PBXFileReference; fileEncoding = 4; lastKnownFileType = text; path = trending_today.in; sourceTree = "<group>"; };
		2C9A95B91E5F6C1E0039074D /* videos_worth_spreading.in */ = {isa = PBXFileReference; fileEncoding = 4; lastKnownFileType = text; path = videos_worth_spreading.in; sourceTree = "<group>"; };
		2C9A95C01E5F70260039074D /* Video.swift */ = {isa = PBXFileReference; fileEncoding = 4; lastKnownFileType = sourcecode.swift; path = Video.swift; sourceTree = "<group>"; };
		2C9A95C21E5F704B0039074D /* Condition.swift */ = {isa = PBXFileReference; fileEncoding = 4; lastKnownFileType = sourcecode.swift; path = Condition.swift; sourceTree = "<group>"; };
		2C9A95C31E5F704B0039074D /* Resource.swift */ = {isa = PBXFileReference; fileEncoding = 4; lastKnownFileType = sourcecode.swift; path = Resource.swift; sourceTree = "<group>"; };
		2C9A95C81E5F70CE0039074D /* Cache.swift */ = {isa = PBXFileReference; fileEncoding = 4; lastKnownFileType = sourcecode.swift; path = Cache.swift; sourceTree = "<group>"; };
		2C9A95CA1E5F71400039074D /* Endpoint.swift */ = {isa = PBXFileReference; fileEncoding = 4; lastKnownFileType = sourcecode.swift; path = Endpoint.swift; sourceTree = "<group>"; };
		2C9A95CC1E5F71B00039074D /* Request.swift */ = {isa = PBXFileReference; fileEncoding = 4; lastKnownFileType = sourcecode.swift; path = Request.swift; sourceTree = "<group>"; };
/* End PBXFileReference section */

/* Begin PBXFrameworksBuildPhase section */
		2C9A95A71E5F6A2F0039074D /* Frameworks */ = {
			isa = PBXFrameworksBuildPhase;
			buildActionMask = 2147483647;
			files = (
			);
			runOnlyForDeploymentPostprocessing = 0;
		};
/* End PBXFrameworksBuildPhase section */

/* Begin PBXGroup section */
		2C9A95A11E5F6A2F0039074D = {
			isa = PBXGroup;
			children = (
				2C9A95AC1E5F6A2F0039074D /* HashCodeOQ */,
				2C9A95AB1E5F6A2F0039074D /* Products */,
			);
			sourceTree = "<group>";
		};
		2C9A95AB1E5F6A2F0039074D /* Products */ = {
			isa = PBXGroup;
			children = (
				2C9A95AA1E5F6A2F0039074D /* HashCodeOQ */,
			);
			name = Products;
			sourceTree = "<group>";
		};
		2C9A95AC1E5F6A2F0039074D /* HashCodeOQ */ = {
			isa = PBXGroup;
			children = (
				2C9A95B41E5F6C1E0039074D /* data */,
				2C9A95C81E5F70CE0039074D /* Cache.swift */,
				2C9A95C01E5F70260039074D /* Video.swift */,
				2C9A95C21E5F704B0039074D /* Condition.swift */,
				2C9A95C31E5F704B0039074D /* Resource.swift */,
				2C9A95AD1E5F6A2F0039074D /* main.swift */,
				2C9A95CA1E5F71400039074D /* Endpoint.swift */,
				2C9A95CC1E5F71B00039074D /* Request.swift */,
			);
			path = HashCodeOQ;
			sourceTree = "<group>";
		};
		2C9A95B41E5F6C1E0039074D /* data */ = {
			isa = PBXGroup;
			children = (
				2C9A95B51E5F6C1E0039074D /* example.in */,
				2C9A95B61E5F6C1E0039074D /* kittens.in */,
				2C9A95B71E5F6C1E0039074D /* me_at_the_zoo.in */,
				2C9A95B81E5F6C1E0039074D /* trending_today.in */,
				2C9A95B91E5F6C1E0039074D /* videos_worth_spreading.in */,
			);
			path = data;
			sourceTree = "<group>";
		};
/* End PBXGroup section */

/* Begin PBXNativeTarget section */
		2C9A95A91E5F6A2F0039074D /* HashCodeOQ */ = {
			isa = PBXNativeTarget;
			buildConfigurationList = 2C9A95B11E5F6A2F0039074D /* Build configuration list for PBXNativeTarget "HashCodeOQ" */;
			buildPhases = (
				2C9A95A61E5F6A2F0039074D /* Sources */,
				2C9A95A71E5F6A2F0039074D /* Frameworks */,
				2C9A95A81E5F6A2F0039074D /* CopyFiles */,
			);
			buildRules = (
			);
			dependencies = (
			);
			name = HashCodeOQ;
			productName = HashCodeOQ;
			productReference = 2C9A95AA1E5F6A2F0039074D /* HashCodeOQ */;
			productType = "com.apple.product-type.tool";
		};
/* End PBXNativeTarget section */

/* Begin PBXProject section */
		2C9A95A21E5F6A2F0039074D /* Project object */ = {
			isa = PBXProject;
			attributes = {
				LastSwiftUpdateCheck = 0820;
				LastUpgradeCheck = 0820;
				ORGANIZATIONNAME = "Dmitriy Karachentsov";
				TargetAttributes = {
					2C9A95A91E5F6A2F0039074D = {
						CreatedOnToolsVersion = 8.2.1;
						DevelopmentTeam = 36366YM9UZ;
						ProvisioningStyle = Automatic;
					};
				};
			};
			buildConfigurationList = 2C9A95A51E5F6A2F0039074D /* Build configuration list for PBXProject "HashCodeOQ" */;
			compatibilityVersion = "Xcode 3.2";
			developmentRegion = English;
			hasScannedForEncodings = 0;
			knownRegions = (
				en,
			);
			mainGroup = 2C9A95A11E5F6A2F0039074D;
			productRefGroup = 2C9A95AB1E5F6A2F0039074D /* Products */;
			projectDirPath = "";
			projectRoot = "";
			targets = (
				2C9A95A91E5F6A2F0039074D /* HashCodeOQ */,
			);
		};
/* End PBXProject section */

/* Begin PBXSourcesBuildPhase section */
		2C9A95A61E5F6A2F0039074D /* Sources */ = {
			isa = PBXSourcesBuildPhase;
			buildActionMask = 2147483647;
			files = (
				2C9A95AE1E5F6A2F0039074D /* main.swift in Sources */,
				2C9A95C91E5F70CE0039074D /* Cache.swift in Sources */,
				2C9A95C51E5F704B0039074D /* Resource.swift in Sources */,
				2C9A95C41E5F704B0039074D /* Condition.swift in Sources */,
				2C9A95CD1E5F71B00039074D /* Request.swift in Sources */,
				2C9A95CB1E5F71400039074D /* Endpoint.swift in Sources */,
				2C9A95C11E5F70260039074D /* Video.swift in Sources */,
			);
			runOnlyForDeploymentPostprocessing = 0;
		};
/* End PBXSourcesBuildPhase section */

/* Begin XCBuildConfiguration section */
		2C9A95AF1E5F6A2F0039074D /* Debug */ = {
			isa = XCBuildConfiguration;
			buildSettings = {
				ALWAYS_SEARCH_USER_PATHS = NO;
				CLANG_ANALYZER_NONNULL = YES;
				CLANG_CXX_LANGUAGE_STANDARD = "gnu++0x";
				CLANG_CXX_LIBRARY = "libc++";
				CLANG_ENABLE_MODULES = YES;
				CLANG_ENABLE_OBJC_ARC = YES;
				CLANG_WARN_BOOL_CONVERSION = YES;
				CLANG_WARN_CONSTANT_CONVERSION = YES;
				CLANG_WARN_DIRECT_OBJC_ISA_USAGE = YES_ERROR;
				CLANG_WARN_DOCUMENTATION_COMMENTS = YES;
				CLANG_WARN_EMPTY_BODY = YES;
				CLANG_WARN_ENUM_CONVERSION = YES;
				CLANG_WARN_INFINITE_RECURSION = YES;
				CLANG_WARN_INT_CONVERSION = YES;
				CLANG_WARN_OBJC_ROOT_CLASS = YES_ERROR;
				CLANG_WARN_SUSPICIOUS_MOVE = YES;
				CLANG_WARN_UNREACHABLE_CODE = YES;
				CLANG_WARN__DUPLICATE_METHOD_MATCH = YES;
				CODE_SIGN_IDENTITY = "-";
				COPY_PHASE_STRIP = NO;
				DEBUG_INFORMATION_FORMAT = dwarf;
				ENABLE_STRICT_OBJC_MSGSEND = YES;
				ENABLE_TESTABILITY = YES;
				GCC_C_LANGUAGE_STANDARD = gnu99;
				GCC_DYNAMIC_NO_PIC = NO;
				GCC_NO_COMMON_BLOCKS = YES;
				GCC_OPTIMIZATION_LEVEL = 0;
				GCC_PREPROCESSOR_DEFINITIONS = (
					"DEBUG=1",
					"$(inherited)",
				);
				GCC_WARN_64_TO_32_BIT_CONVERSION = YES;
				GCC_WARN_ABOUT_RETURN_TYPE = YES_ERROR;
				GCC_WARN_UNDECLARED_SELECTOR = YES;
				GCC_WARN_UNINITIALIZED_AUTOS = YES_AGGRESSIVE;
				GCC_WARN_UNUSED_FUNCTION = YES;
				GCC_WARN_UNUSED_VARIABLE = YES;
				MACOSX_DEPLOYMENT_TARGET = 10.12;
				MTL_ENABLE_DEBUG_INFO = YES;
				ONLY_ACTIVE_ARCH = YES;
				SDKROOT = macosx;
				SWIFT_OPTIMIZATION_LEVEL = "-Onone";
			};
			name = Debug;
		};
		2C9A95B01E5F6A2F0039074D /* Release */ = {
			isa = XCBuildConfiguration;
			buildSettings = {
				ALWAYS_SEARCH_USER_PATHS = NO;
				CLANG_ANALYZER_NONNULL = YES;
				CLANG_CXX_LANGUAGE_STANDARD = "gnu++0x";
				CLANG_CXX_LIBRARY = "libc++";
				CLANG_ENABLE_MODULES = YES;
				CLANG_ENABLE_OBJC_ARC = YES;
				CLANG_WARN_BOOL_CONVERSION = YES;
				CLANG_WARN_CONSTANT_CONVERSION = YES;
				CLANG_WARN_DIRECT_OBJC_ISA_USAGE = YES_ERROR;
				CLANG_WARN_DOCUMENTATION_COMMENTS = YES;
				CLANG_WARN_EMPTY_BODY = YES;
				CLANG_WARN_ENUM_CONVERSION = YES;
				CLANG_WARN_INFINITE_RECURSION = YES;
				CLANG_WARN_INT_CONVERSION = YES;
				CLANG_WARN_OBJC_ROOT_CLASS = YES_ERROR;
				CLANG_WARN_SUSPICIOUS_MOVE = YES;
				CLANG_WARN_UNREACHABLE_CODE = YES;
				CLANG_WARN__DUPLICATE_METHOD_MATCH = YES;
				CODE_SIGN_IDENTITY = "-";
				COPY_PHASE_STRIP = NO;
				DEBUG_INFORMATION_FORMAT = "dwarf-with-dsym";
				ENABLE_NS_ASSERTIONS = NO;
				ENABLE_STRICT_OBJC_MSGSEND = YES;
				GCC_C_LANGUAGE_STANDARD = gnu99;
				GCC_NO_COMMON_BLOCKS = YES;
				GCC_WARN_64_TO_32_BIT_CONVERSION = YES;
				GCC_WARN_ABOUT_RETURN_TYPE = YES_ERROR;
				GCC_WARN_UNDECLARED_SELECTOR = YES;
				GCC_WARN_UNINITIALIZED_AUTOS = YES_AGGRESSIVE;
				GCC_WARN_UNUSED_FUNCTION = YES;
				GCC_WARN_UNUSED_VARIABLE = YES;
				MACOSX_DEPLOYMENT_TARGET = 10.12;
				MTL_ENABLE_DEBUG_INFO = NO;
				SDKROOT = macosx;
			};
			name = Release;
		};
		2C9A95B21E5F6A2F0039074D /* Debug */ = {
			isa = XCBuildConfiguration;
			buildSettings = {
				DEVELOPMENT_TEAM = 36366YM9UZ;
				PRODUCT_NAME = "$(TARGET_NAME)";
				SWIFT_VERSION = 3.0;
			};
			name = Debug;
		};
		2C9A95B31E5F6A2F0039074D /* Release */ = {
			isa = XCBuildConfiguration;
			buildSettings = {
				DEVELOPMENT_TEAM = 36366YM9UZ;
				PRODUCT_NAME = "$(TARGET_NAME)";
				SWIFT_VERSION = 3.0;
			};
			name = Release;
		};
/* End XCBuildConfiguration section */

/* Begin XCConfigurationList section */
		2C9A95A51E5F6A2F0039074D /* Build configuration list for PBXProject "HashCodeOQ" */ = {
			isa = XCConfigurationList;
			buildConfigurations = (
				2C9A95AF1E5F6A2F0039074D /* Debug */,
				2C9A95B01E5F6A2F0039074D /* Release */,
			);
			defaultConfigurationIsVisible = 0;
			defaultConfigurationName = Release;
		};
		2C9A95B11E5F6A2F0039074D /* Build configuration list for PBXNativeTarget "HashCodeOQ" */ = {
			isa = XCConfigurationList;
			buildConfigurations = (
				2C9A95B21E5F6A2F0039074D /* Debug */,
				2C9A95B31E5F6A2F0039074D /* Release */,
			);
			defaultConfigurationIsVisible = 0;
		};
/* End XCConfigurationList section */
	};
	rootObject = 2C9A95A21E5F6A2F0039074D /* Project object */;
}
